
Microsoft Visual Studio Solution File, Format Version 12.00
# Visual Studio Version 17
VisualStudioVersion = 17.7.34003.232
MinimumVisualStudioVersion = 10.0.40219.1
Project("{FAE04EC0-301F-11D3-BF4B-00C04F79EFBC}") = "PizzaBlazor.Server", "Server\PizzaBlazor.Server.csproj", "{AE0962DD-7A9E-4457-B83A-B0CB1461BCDB}"
EndProject
Project("{FAE04EC0-301F-11D3-BF4B-00C04F79EFBC}") = "PizzaBlazor.Client", "Client\PizzaBlazor.Client.csproj", "{26F27EB3-B96B-4E28-888E-85AA234B4A3E}"
EndProject
Project("{FAE04EC0-301F-11D3-BF4B-00C04F79EFBC}") = "PizzaBlazor.Shared", "Shared\PizzaBlazor.Shared.csproj", "{F5118C64-F0EE-43A3-88FB-7D8E2F23ABAC}"
EndProject
Global
	GlobalSection(SolutionConfigurationPlatforms) = preSolution
		Debug|Any CPU = Debug|Any CPU
		Release|Any CPU = Release|Any CPU
	EndGlobalSection
	GlobalSection(ProjectConfigurationPlatforms) = postSolution
		{AE0962DD-7A9E-4457-B83A-B0CB1461BCDB}.Debug|Any CPU.ActiveCfg = Debug|Any CPU
		{AE0962DD-7A9E-4457-B83A-B0CB1461BCDB}.Debug|Any CPU.Build.0 = Debug|Any CPU
		{AE0962DD-7A9E-4457-B83A-B0CB1461BCDB}.Release|Any CPU.ActiveCfg = Release|Any CPU
		{AE0962DD-7A9E-4457-B83A-B0CB1461BCDB}.Release|Any CPU.Build.0 = Release|Any CPU
		{26F27EB3-B96B-4E28-888E-85AA234B4A3E}.Debug|Any CPU.ActiveCfg = Debug|Any CPU
		{26F27EB3-B96B-4E28-888E-85AA234B4A3E}.Debug|Any CPU.Build.0 = Debug|Any CPU
		{26F27EB3-B96B-4E28-888E-85AA234B4A3E}.Release|Any CPU.ActiveCfg = Release|Any CPU
		{26F27EB3-B96B-4E28-888E-85AA234B4A3E}.Release|Any CPU.Build.0 = Release|Any CPU
		{F5118C64-F0EE-43A3-88FB-7D8E2F23ABAC}.Debug|Any CPU.ActiveCfg = Debug|Any CPU
		{F5118C64-F0EE-43A3-88FB-7D8E2F23ABAC}.Debug|Any CPU.Build.0 = Debug|Any CPU
		{F5118C64-F0EE-43A3-88FB-7D8E2F23ABAC}.Release|Any CPU.ActiveCfg = Release|Any CPU
		{F5118C64-F0EE-43A3-88FB-7D8E2F23ABAC}.Release|Any CPU.Build.0 = Release|Any CPU
	EndGlobalSection
	GlobalSection(SolutionProperties) = preSolution
		HideSolutionNode = FALSE
	EndGlobalSection
	GlobalSection(ExtensibilityGlobals) = postSolution
		SolutionGuid = {C2F45FC7-2665-4AFE-AF79-2B288C12B69A}
	EndGlobalSection
EndGlobal
